
Microsoft Visual Studio Solution File, Format Version 12.00
# Visual Studio Version 17
VisualStudioVersion = 17.7.34221.43
MinimumVisualStudioVersion = 10.0.40219.1
Project("{FAE04EC0-301F-11D3-BF4B-00C04F79EFBC}") = "Swap1", "Swap1\Swap1.csproj", "{3E26498D-B04D-4B29-AEA3-9CC84B2D107C}"
EndProject
Global
	GlobalSection(SolutionConfigurationPlatforms) = preSolution
		Debug|Any CPU = Debug|Any CPU
		Release|Any CPU = Release|Any CPU
	EndGlobalSection
	GlobalSection(ProjectConfigurationPlatforms) = postSolution
		{3E26498D-B04D-4B29-AEA3-9CC84B2D107C}.Debug|Any CPU.ActiveCfg = Debug|Any CPU
		{3E26498D-B04D-4B29-AEA3-9CC84B2D107C}.Debug|Any CPU.Build.0 = Debug|Any CPU
		{3E26498D-B04D-4B29-AEA3-9CC84B2D107C}.Release|Any CPU.ActiveCfg = Release|Any CPU
		{3E26498D-B04D-4B29-AEA3-9CC84B2D107C}.Release|Any CPU.Build.0 = Release|Any CPU
	EndGlobalSection
	GlobalSection(SolutionProperties) = preSolution
		HideSolutionNode = FALSE
	EndGlobalSection
	GlobalSection(ExtensibilityGlobals) = postSolution
		SolutionGuid = {83407C4B-1638-496E-A48D-BA5B4A1ACD90}
	EndGlobalSection
EndGlobal
